
Microsoft Visual Studio Solution File, Format Version 12.00
# Visual Studio Version 16
VisualStudioVersion = 16.0.29230.47
MinimumVisualStudioVersion = 15.0.26124.0
Project("{9A19103F-16F7-4668-BE54-9A1E7A4F7556}") = "PrimeService", "PrimeService\PrimeService.csproj", "{40CFD213-E4D5-48A7-9FB2-6A5E3B3ADFCD}"
EndProject
Project("{FAE04EC0-301F-11D3-BF4B-00C04F79EFBC}") = "PrimeService.Tests", "PrimeService.Tests\PrimeService.Tests.csproj", "{3C60CBB5-91D2-4F00-B82E-CB63B2E39263}"
EndProject
Global
	GlobalSection(SolutionConfigurationPlatforms) = preSolution
		Debug|Any CPU = Debug|Any CPU
		Debug|x64 = Debug|x64
		Debug|x86 = Debug|x86
		Release|Any CPU = Release|Any CPU
		Release|x64 = Release|x64
		Release|x86 = Release|x86
	EndGlobalSection
	GlobalSection(ProjectConfigurationPlatforms) = postSolution
		{40CFD213-E4D5-48A7-9FB2-6A5E3B3ADFCD}.Debug|Any CPU.ActiveCfg = Debug|Any CPU
		{40CFD213-E4D5-48A7-9FB2-6A5E3B3ADFCD}.Debug|Any CPU.Build.0 = Debug|Any CPU
		{40CFD213-E4D5-48A7-9FB2-6A5E3B3ADFCD}.Debug|x64.ActiveCfg = Debug|Any CPU
		{40CFD213-E4D5-48A7-9FB2-6A5E3B3ADFCD}.Debug|x64.Build.0 = Debug|Any CPU
		{40CFD213-E4D5-48A7-9FB2-6A5E3B3ADFCD}.Debug|x86.ActiveCfg = Debug|Any CPU
		{40CFD213-E4D5-48A7-9FB2-6A5E3B3ADFCD}.Debug|x86.Build.0 = Debug|Any CPU
		{40CFD213-E4D5-48A7-9FB2-6A5E3B3ADFCD}.Release|Any CPU.ActiveCfg = Release|Any CPU
		{40CFD213-E4D5-48A7-9FB2-6A5E3B3ADFCD}.Release|Any CPU.Build.0 = Release|Any CPU
		{40CFD213-E4D5-48A7-9FB2-6A5E3B3ADFCD}.Release|x64.ActiveCfg = Release|Any CPU
		{40CFD213-E4D5-48A7-9FB2-6A5E3B3ADFCD}.Release|x64.Build.0 = Release|Any CPU
		{40CFD213-E4D5-48A7-9FB2-6A5E3B3ADFCD}.Release|x86.ActiveCfg = Release|Any CPU
		{40CFD213-E4D5-48A7-9FB2-6A5E3B3ADFCD}.Release|x86.Build.0 = Release|Any CPU
		{3C60CBB5-91D2-4F00-B82E-CB63B2E39263}.Debug|Any CPU.ActiveCfg = Debug|Any CPU
		{3C60CBB5-91D2-4F00-B82E-CB63B2E39263}.Debug|Any CPU.Build.0 = Debug|Any CPU
		{3C60CBB5-91D2-4F00-B82E-CB63B2E39263}.Debug|x64.ActiveCfg = Debug|Any CPU
		{3C60CBB5-91D2-4F00-B82E-CB63B2E39263}.Debug|x64.Build.0 = Debug|Any CPU
		{3C60CBB5-91D2-4F00-B82E-CB63B2E39263}.Debug|x86.ActiveCfg = Debug|Any CPU
		{3C60CBB5-91D2-4F00-B82E-CB63B2E39263}.Debug|x86.Build.0 = Debug|Any CPU
		{3C60CBB5-91D2-4F00-B82E-CB63B2E39263}.Release|Any CPU.ActiveCfg = Release|Any CPU
		{3C60CBB5-91D2-4F00-B82E-CB63B2E39263}.Release|Any CPU.Build.0 = Release|Any CPU
		{3C60CBB5-91D2-4F00-B82E-CB63B2E39263}.Release|x64.ActiveCfg = Release|Any CPU
		{3C60CBB5-91D2-4F00-B82E-CB63B2E39263}.Release|x64.Build.0 = Release|Any CPU
		{3C60CBB5-91D2-4F00-B82E-CB63B2E39263}.Release|x86.ActiveCfg = Release|Any CPU
		{3C60CBB5-91D2-4F00-B82E-CB63B2E39263}.Release|x86.Build.0 = Release|Any CPU
	EndGlobalSection
	GlobalSection(SolutionProperties) = preSolution
		HideSolutionNode = FALSE
	EndGlobalSection
	GlobalSection(ExtensibilityGlobals) = postSolution
		SolutionGuid = {F2524C29-1B64-4850-A6DF-010F495B4622}
	EndGlobalSection
EndGlobal
